{
  "name": "pondgame.online",
  "version": "1.0.0",
  "lockfileVersion": 2,
  "requires": true,
  "packages": {
    "": {
      "name": "pondgame.online",
      "version": "1.0.0",
      "license": "MIT",
      "workspaces": [
        "apps/*",
        "packages/*"
      ],
      "engines": {
        "node": "16",
        "npm": "8"
      }
    },
    "node_modules/@kitdm/pondgame.webrtc": {
      "resolved": "packages/webrtc",
      "link": true
    },
    "packages/webrtc": {
      "name": "@kitdm/pondgame.webrtc",
      "version": "1.0.0",
      "license": "MIT"
    }
  },
  "dependencies": {
    "@kitdm/pondgame.webrtc": {
      "version": "file:packages/webrtc"
    }
  }
}
